// !$*UTF8*$!
{
	archiveVersion = 1;
	classes = {
	};
	objectVersion = 77;
	objects = {

/* Begin PBXBuildFile section */
		2543758AF542DAA43BBBDD16 /* ActivitySparkline.swift in Sources */ = {isa = PBXBuildFile; fileRef = 16323428BD31ACE0F33FA06A /* ActivitySparkline.swift */; };
		2F2BD1F79E66E3CD1D4F7CA6 /* ClaudeEvent.swift in Sources */ = {isa = PBXBuildFile; fileRef = 28B0F7AB03DB2659D98E91BC /* ClaudeEvent.swift */; };
		327D16D87B4FF20F548BD466 /* StatsReader.swift in Sources */ = {isa = PBXBuildFile; fileRef = 9E0F17CEA605EE1201E1CABA /* StatsReader.swift */; };
		351F3C7D11B92522CB3F9D32 /* LaunchAtLoginManager.swift in Sources */ = {isa = PBXBuildFile; fileRef = BB8DE3E69AA3A90DDF540A33 /* LaunchAtLoginManager.swift */; };
		3D2DE11FB6C81991119EF60F /* SessionTracker.swift in Sources */ = {isa = PBXBuildFile; fileRef = E14364F6CEF891108EB4DF7A /* SessionTracker.swift */; };
		456B96E61614953D210D8FCE /* MenuBarView.swift in Sources */ = {isa = PBXBuildFile; fileRef = A066E8589868FAC98B7F24BA /* MenuBarView.swift */; };
		48EAF44569A82402A0C025EE /* ColorPalette.swift in Sources */ = {isa = PBXBuildFile; fileRef = 930819C84338DAE771A0983B /* ColorPalette.swift */; };
		4D1C67C7EE77BDC4307AEACF /* Color+Hex.swift in Sources */ = {isa = PBXBuildFile; fileRef = CF247A301CFE5259DCA3B9BC /* Color+Hex.swift */; };
		51F9F25DA9C4C201F657FEBE /* AnalyticsCalculator.swift in Sources */ = {isa = PBXBuildFile; fileRef = FBE0C507ADB91D11F0BD8FBF /* AnalyticsCalculator.swift */; };
		647E59B192865C38DB4A358F /* TranscriptParser.swift in Sources */ = {isa = PBXBuildFile; fileRef = 69560CC8EAAC4E408211A832 /* TranscriptParser.swift */; };
		7F5FB0D598BFC8A4B13428CC /* LayoutSection.swift in Sources */ = {isa = PBXBuildFile; fileRef = 459B2E89A85EEDC1BCB275A6 /* LayoutSection.swift */; };
		8CE857B886F3E9433172E2C6 /* SocketServer.swift in Sources */ = {isa = PBXBuildFile; fileRef = D06E44EEEC828A35258B92E8 /* SocketServer.swift */; };
		AE0DC50C7BDAE5E16496E644 /* LayoutEditView.swift in Sources */ = {isa = PBXBuildFile; fileRef = BE344DFFE28341EFE71AD441 /* LayoutEditView.swift */; };
		BF615EE1D32AF62C6715E383 /* UsageLimitTracker.swift in Sources */ = {isa = PBXBuildFile; fileRef = 2510AB1FDF8EDC392A216293 /* UsageLimitTracker.swift */; };
		CE6FA7AC16F8A295527B7371 /* ThemeManager.swift in Sources */ = {isa = PBXBuildFile; fileRef = 40F332FEBA3397FD9C9D1107 /* ThemeManager.swift */; };
		CE7C54F7B611658D9F82064D /* AppDelegate.swift in Sources */ = {isa = PBXBuildFile; fileRef = 56C75204C1ED39034F595665 /* AppDelegate.swift */; };
		D6366E9EBC731F799618609A /* LayoutManager.swift in Sources */ = {isa = PBXBuildFile; fileRef = ED39C0195791F5AFFE8224EC /* LayoutManager.swift */; };
		D8D04C621D5DEA81D01D8B14 /* UsageProgressBar.swift in Sources */ = {isa = PBXBuildFile; fileRef = 4D5DF579F6ABA7FC02819DA5 /* UsageProgressBar.swift */; };
		E68A0A446078AB76B0A3F52A /* Assets.xcassets in Resources */ = {isa = PBXBuildFile; fileRef = 017DA7CA489386389CE9ADA3 /* Assets.xcassets */; };
		EF357FD996D36732A6EB2E52 /* RateLimitFetcher.swift in Sources */ = {isa = PBXBuildFile; fileRef = CAFB591C8C70658D28AD26AE /* RateLimitFetcher.swift */; };
		EFE73FD54CB2B9AA8B8ECF65 /* NotificationWindowView.swift in Sources */ = {isa = PBXBuildFile; fileRef = 3A03BDE30455C79B66B30078 /* NotificationWindowView.swift */; };
		F258F8D8822D6554F1C50FF8 /* LayoutTemplate.swift in Sources */ = {isa = PBXBuildFile; fileRef = A5C5B96050AF552667C149CC /* LayoutTemplate.swift */; };
		FC11A23E55AD61718ADDAFD7 /* EventStore.swift in Sources */ = {isa = PBXBuildFile; fileRef = A47B59C9774418A81ED38EA4 /* EventStore.swift */; };
		FF00054E4DF126E606F01A69 /* ClaudeNotifierApp.swift in Sources */ = {isa = PBXBuildFile; fileRef = 093E1942A4A0F4F0E21AD464 /* ClaudeNotifierApp.swift */; };
/* End PBXBuildFile section */

/* Begin PBXFileReference section */
		017DA7CA489386389CE9ADA3 /* Assets.xcassets */ = {isa = PBXFileReference; lastKnownFileType = folder.assetcatalog; path = Assets.xcassets; sourceTree = "<group>"; };
		093E1942A4A0F4F0E21AD464 /* ClaudeNotifierApp.swift */ = {isa = PBXFileReference; lastKnownFileType = sourcecode.swift; path = ClaudeNotifierApp.swift; sourceTree = "<group>"; };
		16323428BD31ACE0F33FA06A /* ActivitySparkline.swift */ = {isa = PBXFileReference; lastKnownFileType = sourcecode.swift; path = ActivitySparkline.swift; sourceTree = "<group>"; };
		2510AB1FDF8EDC392A216293 /* UsageLimitTracker.swift */ = {isa = PBXFileReference; lastKnownFileType = sourcecode.swift; path = UsageLimitTracker.swift; sourceTree = "<group>"; };
		28B0F7AB03DB2659D98E91BC /* ClaudeEvent.swift */ = {isa = PBXFileReference; lastKnownFileType = sourcecode.swift; path = ClaudeEvent.swift; sourceTree = "<group>"; };
		3A03BDE30455C79B66B30078 /* NotificationWindowView.swift */ = {isa = PBXFileReference; lastKnownFileType = sourcecode.swift; path = NotificationWindowView.swift; sourceTree = "<group>"; };
		40A18F13038CED9F012D716A /* ClaudeNotifier.app */ = {isa = PBXFileReference; explicitFileType = wrapper.application; includeInIndex = 0; path = ClaudeNotifier.app; sourceTree = BUILT_PRODUCTS_DIR; };
		40F332FEBA3397FD9C9D1107 /* ThemeManager.swift */ = {isa = PBXFileReference; lastKnownFileType = sourcecode.swift; path = ThemeManager.swift; sourceTree = "<group>"; };
		459B2E89A85EEDC1BCB275A6 /* LayoutSection.swift */ = {isa = PBXFileReference; lastKnownFileType = sourcecode.swift; path = LayoutSection.swift; sourceTree = "<group>"; };
		4D5DF579F6ABA7FC02819DA5 /* UsageProgressBar.swift */ = {isa = PBXFileReference; lastKnownFileType = sourcecode.swift; path = UsageProgressBar.swift; sourceTree = "<group>"; };
		56C75204C1ED39034F595665 /* AppDelegate.swift */ = {isa = PBXFileReference; lastKnownFileType = sourcecode.swift; path = AppDelegate.swift; sourceTree = "<group>"; };
		69560CC8EAAC4E408211A832 /* TranscriptParser.swift */ = {isa = PBXFileReference; lastKnownFileType = sourcecode.swift; path = TranscriptParser.swift; sourceTree = "<group>"; };
		930819C84338DAE771A0983B /* ColorPalette.swift */ = {isa = PBXFileReference; lastKnownFileType = sourcecode.swift; path = ColorPalette.swift; sourceTree = "<group>"; };
		9E0F17CEA605EE1201E1CABA /* StatsReader.swift */ = {isa = PBXFileReference; lastKnownFileType = sourcecode.swift; path = StatsReader.swift; sourceTree = "<group>"; };
		A066E8589868FAC98B7F24BA /* MenuBarView.swift */ = {isa = PBXFileReference; lastKnownFileType = sourcecode.swift; path = MenuBarView.swift; sourceTree = "<group>"; };
		A47B59C9774418A81ED38EA4 /* EventStore.swift */ = {isa = PBXFileReference; lastKnownFileType = sourcecode.swift; path = EventStore.swift; sourceTree = "<group>"; };
		A5C5B96050AF552667C149CC /* LayoutTemplate.swift */ = {isa = PBXFileReference; lastKnownFileType = sourcecode.swift; path = LayoutTemplate.swift; sourceTree = "<group>"; };
		BB8DE3E69AA3A90DDF540A33 /* LaunchAtLoginManager.swift */ = {isa = PBXFileReference; lastKnownFileType = sourcecode.swift; path = LaunchAtLoginManager.swift; sourceTree = "<group>"; };
		BE344DFFE28341EFE71AD441 /* LayoutEditView.swift */ = {isa = PBXFileReference; lastKnownFileType = sourcecode.swift; path = LayoutEditView.swift; sourceTree = "<group>"; };
		CAFB591C8C70658D28AD26AE /* RateLimitFetcher.swift */ = {isa = PBXFileReference; lastKnownFileType = sourcecode.swift; path = RateLimitFetcher.swift; sourceTree = "<group>"; };
		CF247A301CFE5259DCA3B9BC /* Color+Hex.swift */ = {isa = PBXFileReference; lastKnownFileType = sourcecode.swift; path = "Color+Hex.swift"; sourceTree = "<group>"; };
		D06E44EEEC828A35258B92E8 /* SocketServer.swift */ = {isa = PBXFileReference; lastKnownFileType = sourcecode.swift; path = SocketServer.swift; sourceTree = "<group>"; };
		E14364F6CEF891108EB4DF7A /* SessionTracker.swift */ = {isa = PBXFileReference; lastKnownFileType = sourcecode.swift; path = SessionTracker.swift; sourceTree = "<group>"; };
		ED39C0195791F5AFFE8224EC /* LayoutManager.swift */ = {isa = PBXFileReference; lastKnownFileType = sourcecode.swift; path = LayoutManager.swift; sourceTree = "<group>"; };
		FBE0C507ADB91D11F0BD8FBF /* AnalyticsCalculator.swift */ = {isa = PBXFileReference; lastKnownFileType = sourcecode.swift; path = AnalyticsCalculator.swift; sourceTree = "<group>"; };
/* End PBXFileReference section */

/* Begin PBXGroup section */
		1C8FC05D093CB5A5AA6FEA65 /* Models */ = {
			isa = PBXGroup;
			children = (
				FBE0C507ADB91D11F0BD8FBF /* AnalyticsCalculator.swift */,
				28B0F7AB03DB2659D98E91BC /* ClaudeEvent.swift */,
				930819C84338DAE771A0983B /* ColorPalette.swift */,
				A47B59C9774418A81ED38EA4 /* EventStore.swift */,
				459B2E89A85EEDC1BCB275A6 /* LayoutSection.swift */,
				A5C5B96050AF552667C149CC /* LayoutTemplate.swift */,
				E14364F6CEF891108EB4DF7A /* SessionTracker.swift */,
				40F332FEBA3397FD9C9D1107 /* ThemeManager.swift */,
				69560CC8EAAC4E408211A832 /* TranscriptParser.swift */,
				2510AB1FDF8EDC392A216293 /* UsageLimitTracker.swift */,
			);
			path = Models;
			sourceTree = "<group>";
		};
		2C06AD97D9E4CCD44881007D /* Extensions */ = {
			isa = PBXGroup;
			children = (
				CF247A301CFE5259DCA3B9BC /* Color+Hex.swift */,
			);
			path = Extensions;
			sourceTree = "<group>";
		};
		69A658831672BF4254525ECA /* Views */ = {
			isa = PBXGroup;
			children = (
				A066E8589868FAC98B7F24BA /* MenuBarView.swift */,
				3A03BDE30455C79B66B30078 /* NotificationWindowView.swift */,
				F62B29398317C095C4EDA9B9 /* Components */,
			);
			path = Views;
			sourceTree = "<group>";
		};
		773A6953B54C156BE2D2BFEB /* ClaudeNotifier */ = {
			isa = PBXGroup;
			children = (
				017DA7CA489386389CE9ADA3 /* Assets.xcassets */,
				FCF604E45B4B245AFE10AF13 /* App */,
				2C06AD97D9E4CCD44881007D /* Extensions */,
				1C8FC05D093CB5A5AA6FEA65 /* Models */,
				8634DEEAE9ABE2D2CE7FCFBE /* Services */,
				69A658831672BF4254525ECA /* Views */,
			);
			path = ClaudeNotifier;
			sourceTree = "<group>";
		};
		8634DEEAE9ABE2D2CE7FCFBE /* Services */ = {
			isa = PBXGroup;
			children = (
				BB8DE3E69AA3A90DDF540A33 /* LaunchAtLoginManager.swift */,
				ED39C0195791F5AFFE8224EC /* LayoutManager.swift */,
				CAFB591C8C70658D28AD26AE /* RateLimitFetcher.swift */,
				D06E44EEEC828A35258B92E8 /* SocketServer.swift */,
				9E0F17CEA605EE1201E1CABA /* StatsReader.swift */,
			);
			path = Services;
			sourceTree = "<group>";
		};
		CB8E94E9C87595BB8FB5DE09 /* Products */ = {
			isa = PBXGroup;
			children = (
				40A18F13038CED9F012D716A /* ClaudeNotifier.app */,
			);
			name = Products;
			sourceTree = "<group>";
		};
		E1AE4FEF685D1D0D454D4D56 = {
			isa = PBXGroup;
			children = (
				773A6953B54C156BE2D2BFEB /* ClaudeNotifier */,
				CB8E94E9C87595BB8FB5DE09 /* Products */,
			);
			sourceTree = "<group>";
		};
		F62B29398317C095C4EDA9B9 /* Components */ = {
			isa = PBXGroup;
			children = (
				16323428BD31ACE0F33FA06A /* ActivitySparkline.swift */,
				BE344DFFE28341EFE71AD441 /* LayoutEditView.swift */,
				4D5DF579F6ABA7FC02819DA5 /* UsageProgressBar.swift */,
			);
			path = Components;
			sourceTree = "<group>";
		};
		FCF604E45B4B245AFE10AF13 /* App */ = {
			isa = PBXGroup;
			children = (
				56C75204C1ED39034F595665 /* AppDelegate.swift */,
				093E1942A4A0F4F0E21AD464 /* ClaudeNotifierApp.swift */,
			);
			path = App;
			sourceTree = "<group>";
		};
/* End PBXGroup section */

/* Begin PBXNativeTarget section */
		A3F90B5D707EFB3AD4DE4D37 /* ClaudeNotifier */ = {
			isa = PBXNativeTarget;
			buildConfigurationList = EC1ADF41E905AFEC8294D84E /* Build configuration list for PBXNativeTarget "ClaudeNotifier" */;
			buildPhases = (
				382F71CA0C24FA9B51F3704D /* Sources */,
				79FD27190FE92D48BBD34698 /* Resources */,
			);
			buildRules = (
			);
			dependencies = (
			);
			name = ClaudeNotifier;
			packageProductDependencies = (
			);
			productName = ClaudeNotifier;
			productReference = 40A18F13038CED9F012D716A /* ClaudeNotifier.app */;
			productType = "com.apple.product-type.application";
		};
/* End PBXNativeTarget section */

/* Begin PBXProject section */
		A3D5788B99C99DFB62ADB5C4 /* Project object */ = {
			isa = PBXProject;
			attributes = {
				BuildIndependentTargetsInParallel = YES;
				LastUpgradeCheck = 1500;
				TargetAttributes = {
					A3F90B5D707EFB3AD4DE4D37 = {
						ProvisioningStyle = Automatic;
					};
				};
			};
			buildConfigurationList = FF5A48A530064FDD513C9824 /* Build configuration list for PBXProject "ClaudeNotifier" */;
			compatibilityVersion = "Xcode 14.0";
			developmentRegion = en;
			hasScannedForEncodings = 0;
			knownRegions = (
				Base,
				en,
			);
			mainGroup = E1AE4FEF685D1D0D454D4D56;
			minimizedProjectReferenceProxies = 1;
			preferredProjectObjectVersion = 77;
			projectDirPath = "";
			projectRoot = "";
			targets = (
				A3F90B5D707EFB3AD4DE4D37 /* ClaudeNotifier */,
			);
		};
/* End PBXProject section */

/* Begin PBXResourcesBuildPhase section */
		79FD27190FE92D48BBD34698 /* Resources */ = {
			isa = PBXResourcesBuildPhase;
			buildActionMask = 2147483647;
			files = (
				E68A0A446078AB76B0A3F52A /* Assets.xcassets in Resources */,
			);
			runOnlyForDeploymentPostprocessing = 0;
		};
/* End PBXResourcesBuildPhase section */

/* Begin PBXSourcesBuildPhase section */
		382F71CA0C24FA9B51F3704D /* Sources */ = {
			isa = PBXSourcesBuildPhase;
			buildActionMask = 2147483647;
			files = (
				2543758AF542DAA43BBBDD16 /* ActivitySparkline.swift in Sources */,
				51F9F25DA9C4C201F657FEBE /* AnalyticsCalculator.swift in Sources */,
				CE7C54F7B611658D9F82064D /* AppDelegate.swift in Sources */,
				2F2BD1F79E66E3CD1D4F7CA6 /* ClaudeEvent.swift in Sources */,
				FF00054E4DF126E606F01A69 /* ClaudeNotifierApp.swift in Sources */,
				4D1C67C7EE77BDC4307AEACF /* Color+Hex.swift in Sources */,
				48EAF44569A82402A0C025EE /* ColorPalette.swift in Sources */,
				FC11A23E55AD61718ADDAFD7 /* EventStore.swift in Sources */,
				351F3C7D11B92522CB3F9D32 /* LaunchAtLoginManager.swift in Sources */,
				AE0DC50C7BDAE5E16496E644 /* LayoutEditView.swift in Sources */,
				D6366E9EBC731F799618609A /* LayoutManager.swift in Sources */,
				7F5FB0D598BFC8A4B13428CC /* LayoutSection.swift in Sources */,
				F258F8D8822D6554F1C50FF8 /* LayoutTemplate.swift in Sources */,
				456B96E61614953D210D8FCE /* MenuBarView.swift in Sources */,
				EFE73FD54CB2B9AA8B8ECF65 /* NotificationWindowView.swift in Sources */,
				EF357FD996D36732A6EB2E52 /* RateLimitFetcher.swift in Sources */,
				3D2DE11FB6C81991119EF60F /* SessionTracker.swift in Sources */,
				8CE857B886F3E9433172E2C6 /* SocketServer.swift in Sources */,
				327D16D87B4FF20F548BD466 /* StatsReader.swift in Sources */,
				CE6FA7AC16F8A295527B7371 /* ThemeManager.swift in Sources */,
				647E59B192865C38DB4A358F /* TranscriptParser.swift in Sources */,
				BF615EE1D32AF62C6715E383 /* UsageLimitTracker.swift in Sources */,
				D8D04C621D5DEA81D01D8B14 /* UsageProgressBar.swift in Sources */,
			);
			runOnlyForDeploymentPostprocessing = 0;
		};
/* End PBXSourcesBuildPhase section */

/* Begin XCBuildConfiguration section */
		11DCA0423E9013C77E901657 /* Release */ = {
			isa = XCBuildConfiguration;
			buildSettings = {
				ASSETCATALOG_COMPILER_APPICON_NAME = AppIcon;
				CODE_SIGN_STYLE = Automatic;
				COMBINE_HIDPI_IMAGES = YES;
				CURRENT_PROJECT_VERSION = 1;
				GENERATE_INFOPLIST_FILE = NO;
				INFOPLIST_FILE = Info.plist;
				LD_RUNPATH_SEARCH_PATHS = "@executable_path/../Frameworks";
				MACOSX_DEPLOYMENT_TARGET = 13.0;
				MARKETING_VERSION = 1.0.0;
				PRODUCT_BUNDLE_IDENTIFIER = com.claude.notifier;
				PRODUCT_NAME = ClaudeNotifier;
				SDKROOT = macosx;
				SWIFT_VERSION = 5.9;
			};
			name = Release;
		};
		64A63F683E3A9E1465FB6BE7 /* Debug */ = {
			isa = XCBuildConfiguration;
			buildSettings = {
				ALWAYS_SEARCH_USER_PATHS = NO;
				CLANG_ANALYZER_NONNULL = YES;
				CLANG_ANALYZER_NUMBER_OBJECT_CONVERSION = YES_AGGRESSIVE;
				CLANG_CXX_LANGUAGE_STANDARD = "gnu++14";
				CLANG_CXX_LIBRARY = "libc++";
				CLANG_ENABLE_MODULES = YES;
				CLANG_ENABLE_OBJC_ARC = YES;
				CLANG_ENABLE_OBJC_WEAK = YES;
				CLANG_WARN_BLOCK_CAPTURE_AUTORELEASING = YES;
				CLANG_WARN_BOOL_CONVERSION = YES;
				CLANG_WARN_COMMA = YES;
				CLANG_WARN_CONSTANT_CONVERSION = YES;
				CLANG_WARN_DEPRECATED_OBJC_IMPLEMENTATIONS = YES;
				CLANG_WARN_DIRECT_OBJC_ISA_USAGE = YES_ERROR;
				CLANG_WARN_DOCUMENTATION_COMMENTS = YES;
				CLANG_WARN_EMPTY_BODY = YES;
				CLANG_WARN_ENUM_CONVERSION = YES;
				CLANG_WARN_INFINITE_RECURSION = YES;
				CLANG_WARN_INT_CONVERSION = YES;
				CLANG_WARN_NON_LITERAL_NULL_CONVERSION = YES;
				CLANG_WARN_OBJC_IMPLICIT_RETAIN_SELF = YES;
				CLANG_WARN_OBJC_LITERAL_CONVERSION = YES;
				CLANG_WARN_OBJC_ROOT_CLASS = YES_ERROR;
				CLANG_WARN_QUOTED_INCLUDE_IN_FRAMEWORK_HEADER = YES;
				CLANG_WARN_RANGE_LOOP_ANALYSIS = YES;
				CLANG_WARN_STRICT_PROTOTYPES = YES;
				CLANG_WARN_SUSPICIOUS_MOVE = YES;
				CLANG_WARN_UNGUARDED_AVAILABILITY = YES_AGGRESSIVE;
				CLANG_WARN_UNREACHABLE_CODE = YES;
				CLANG_WARN__DUPLICATE_METHOD_MATCH = YES;
				COPY_PHASE_STRIP = NO;
				DEBUG_INFORMATION_FORMAT = dwarf;
				ENABLE_STRICT_OBJC_MSGSEND = YES;
				ENABLE_TESTABILITY = YES;
				GCC_C_LANGUAGE_STANDARD = gnu11;
				GCC_DYNAMIC_NO_PIC = NO;
				GCC_NO_COMMON_BLOCKS = YES;
				GCC_OPTIMIZATION_LEVEL = 0;
				GCC_PREPROCESSOR_DEFINITIONS = (
					"$(inherited)",
					"DEBUG=1",
				);
				GCC_WARN_64_TO_32_BIT_CONVERSION = YES;
				GCC_WARN_ABOUT_RETURN_TYPE = YES_ERROR;
				GCC_WARN_UNDECLARED_SELECTOR = YES;
				GCC_WARN_UNINITIALIZED_AUTOS = YES_AGGRESSIVE;
				GCC_WARN_UNUSED_FUNCTION = YES;
				GCC_WARN_UNUSED_VARIABLE = YES;
				MACOSX_DEPLOYMENT_TARGET = 13.0;
				MTL_ENABLE_DEBUG_INFO = INCLUDE_SOURCE;
				MTL_FAST_MATH = YES;
				ONLY_ACTIVE_ARCH = YES;
				PRODUCT_NAME = "$(TARGET_NAME)";
				SDKROOT = macosx;
				SWIFT_ACTIVE_COMPILATION_CONDITIONS = DEBUG;
				SWIFT_OPTIMIZATION_LEVEL = "-Onone";
				SWIFT_VERSION = 5.0;
			};
			name = Debug;
		};
		DC8542F75E06875DBF2BF05D /* Debug */ = {
			isa = XCBuildConfiguration;
			buildSettings = {
				ASSETCATALOG_COMPILER_APPICON_NAME = AppIcon;
				CODE_SIGN_STYLE = Automatic;
				COMBINE_HIDPI_IMAGES = YES;
				CURRENT_PROJECT_VERSION = 1;
				GENERATE_INFOPLIST_FILE = NO;
				INFOPLIST_FILE = Info.plist;
				LD_RUNPATH_SEARCH_PATHS = "@executable_path/../Frameworks";
				MACOSX_DEPLOYMENT_TARGET = 13.0;
				MARKETING_VERSION = 1.0.0;
				PRODUCT_BUNDLE_IDENTIFIER = com.claude.notifier;
				PRODUCT_NAME = ClaudeNotifier;
				SDKROOT = macosx;
				SWIFT_VERSION = 5.9;
			};
			name = Debug;
		};
		E8AAD54B00DB6EF654DC2628 /* Release */ = {
			isa = XCBuildConfiguration;
			buildSettings = {
				ALWAYS_SEARCH_USER_PATHS = NO;
				CLANG_ANALYZER_NONNULL = YES;
				CLANG_ANALYZER_NUMBER_OBJECT_CONVERSION = YES_AGGRESSIVE;
				CLANG_CXX_LANGUAGE_STANDARD = "gnu++14";
				CLANG_CXX_LIBRARY = "libc++";
				CLANG_ENABLE_MODULES = YES;
				CLANG_ENABLE_OBJC_ARC = YES;
				CLANG_ENABLE_OBJC_WEAK = YES;
				CLANG_WARN_BLOCK_CAPTURE_AUTORELEASING = YES;
				CLANG_WARN_BOOL_CONVERSION = YES;
				CLANG_WARN_COMMA = YES;
				CLANG_WARN_CONSTANT_CONVERSION = YES;
				CLANG_WARN_DEPRECATED_OBJC_IMPLEMENTATIONS = YES;
				CLANG_WARN_DIRECT_OBJC_ISA_USAGE = YES_ERROR;
				CLANG_WARN_DOCUMENTATION_COMMENTS = YES;
				CLANG_WARN_EMPTY_BODY = YES;
				CLANG_WARN_ENUM_CONVERSION = YES;
				CLANG_WARN_INFINITE_RECURSION = YES;
				CLANG_WARN_INT_CONVERSION = YES;
				CLANG_WARN_NON_LITERAL_NULL_CONVERSION = YES;
				CLANG_WARN_OBJC_IMPLICIT_RETAIN_SELF = YES;
				CLANG_WARN_OBJC_LITERAL_CONVERSION = YES;
				CLANG_WARN_OBJC_ROOT_CLASS = YES_ERROR;
				CLANG_WARN_QUOTED_INCLUDE_IN_FRAMEWORK_HEADER = YES;
				CLANG_WARN_RANGE_LOOP_ANALYSIS = YES;
				CLANG_WARN_STRICT_PROTOTYPES = YES;
				CLANG_WARN_SUSPICIOUS_MOVE = YES;
				CLANG_WARN_UNGUARDED_AVAILABILITY = YES_AGGRESSIVE;
				CLANG_WARN_UNREACHABLE_CODE = YES;
				CLANG_WARN__DUPLICATE_METHOD_MATCH = YES;
				COPY_PHASE_STRIP = NO;
				DEBUG_INFORMATION_FORMAT = "dwarf-with-dsym";
				ENABLE_NS_ASSERTIONS = NO;
				ENABLE_STRICT_OBJC_MSGSEND = YES;
				GCC_C_LANGUAGE_STANDARD = gnu11;
				GCC_NO_COMMON_BLOCKS = YES;
				GCC_WARN_64_TO_32_BIT_CONVERSION = YES;
				GCC_WARN_ABOUT_RETURN_TYPE = YES_ERROR;
				GCC_WARN_UNDECLARED_SELECTOR = YES;
				GCC_WARN_UNINITIALIZED_AUTOS = YES_AGGRESSIVE;
				GCC_WARN_UNUSED_FUNCTION = YES;
				GCC_WARN_UNUSED_VARIABLE = YES;
				MACOSX_DEPLOYMENT_TARGET = 13.0;
				MTL_ENABLE_DEBUG_INFO = NO;
				MTL_FAST_MATH = YES;
				PRODUCT_NAME = "$(TARGET_NAME)";
				SDKROOT = macosx;
				SWIFT_COMPILATION_MODE = wholemodule;
				SWIFT_OPTIMIZATION_LEVEL = "-O";
				SWIFT_VERSION = 5.0;
			};
			name = Release;
		};
/* End XCBuildConfiguration section */

/* Begin XCConfigurationList section */
		EC1ADF41E905AFEC8294D84E /* Build configuration list for PBXNativeTarget "ClaudeNotifier" */ = {
			isa = XCConfigurationList;
			buildConfigurations = (
				DC8542F75E06875DBF2BF05D /* Debug */,
				11DCA0423E9013C77E901657 /* Release */,
			);
			defaultConfigurationIsVisible = 0;
			defaultConfigurationName = Debug;
		};
		FF5A48A530064FDD513C9824 /* Build configuration list for PBXProject "ClaudeNotifier" */ = {
			isa = XCConfigurationList;
			buildConfigurations = (
				64A63F683E3A9E1465FB6BE7 /* Debug */,
				E8AAD54B00DB6EF654DC2628 /* Release */,
			);
			defaultConfigurationIsVisible = 0;
			defaultConfigurationName = Debug;
		};
/* End XCConfigurationList section */
	};
	rootObject = A3D5788B99C99DFB62ADB5C4 /* Project object */;
}
